
Microsoft Visual Studio Solution File, Format Version 12.00
# Visual Studio 15
VisualStudioVersion = 15.0.27703.2035
MinimumVisualStudioVersion = 10.0.40219.1
Project("{FAE04EC0-301F-11D3-BF4B-00C04F79EFBC}") = "Hello.IdentityServer", "Hello.IdentityServer\Hello.IdentityServer.csproj", "{0D07532F-B717-4D1A-8883-62EF920B44FD}"
EndProject
Global
	GlobalSection(SolutionConfigurationPlatforms) = preSolution
		Debug|Any CPU = Debug|Any CPU
		Release|Any CPU = Release|Any CPU
	EndGlobalSection
	GlobalSection(ProjectConfigurationPlatforms) = postSolution
		{0D07532F-B717-4D1A-8883-62EF920B44FD}.Debug|Any CPU.ActiveCfg = Debug|Any CPU
		{0D07532F-B717-4D1A-8883-62EF920B44FD}.Debug|Any CPU.Build.0 = Debug|Any CPU
		{0D07532F-B717-4D1A-8883-62EF920B44FD}.Release|Any CPU.ActiveCfg = Release|Any CPU
		{0D07532F-B717-4D1A-8883-62EF920B44FD}.Release|Any CPU.Build.0 = Release|Any CPU
	EndGlobalSection
	GlobalSection(SolutionProperties) = preSolution
		HideSolutionNode = FALSE
	EndGlobalSection
	GlobalSection(ExtensibilityGlobals) = postSolution
		SolutionGuid = {E9DF21FB-596A-40FA-A0D2-22F1532675CC}
	EndGlobalSection
EndGlobal
